# This file is automatically @generated by Cargo.
# It is not intended for manual editing.
version = 3

[[package]]
name = "builder-api"
version = "0.1.0"
dependencies = [
 "scada-core",
]

[[package]]
name = "driver-manager"
version = "0.1.0"
dependencies = [
 "scada-core",
]

[[package]]
name = "mock-driver"
version = "0.1.0"
dependencies = [
 "scada-core",
]

[[package]]
name = "preview-runtime"
version = "0.1.0"
dependencies = [
 "scada-core",
]

[[package]]
name = "scada-core"
version = "0.1.0"

[[package]]
name = "tag-server"
version = "0.1.0"
dependencies = [
 "driver-manager",
 "mock-driver",
 "scada-core",
]

[[package]]
name = "tauri-shell"
version = "0.1.0"
dependencies = [
 "scada-core",
]
